
Microsoft Visual Studio Solution File, Format Version 12.00
# Visual Studio Version 17
VisualStudioVersion = 17.13.35931.197
MinimumVisualStudioVersion = 10.0.40219.1
Project("{FAE04EC0-301F-11D3-BF4B-00C04F79EFBC}") = "152120231068_ErenTerakye_Group11_LabA", "152120231068_ErenTerakye_Group11_LabA.csproj", "{5E31BF77-556B-4079-81E7-D08CAD9F64CB}"
EndProject
Project("{FAE04EC0-301F-11D3-BF4B-00C04F79EFBC}") = "personalInformation", "152120221040_Nazlı_Yılmaz_Group11_LabA\personalInformation\personalInformation.csproj", "{8D757F9A-4E5A-4734-B560-B2AC6FD13173}"
EndProject
Global
	GlobalSection(SolutionConfigurationPlatforms) = preSolution
		Debug|Any CPU = Debug|Any CPU
		Release|Any CPU = Release|Any CPU
	EndGlobalSection
	GlobalSection(ProjectConfigurationPlatforms) = postSolution
		{5E31BF77-556B-4079-81E7-D08CAD9F64CB}.Debug|Any CPU.ActiveCfg = Debug|Any CPU
		{5E31BF77-556B-4079-81E7-D08CAD9F64CB}.Debug|Any CPU.Build.0 = Debug|Any CPU
		{5E31BF77-556B-4079-81E7-D08CAD9F64CB}.Release|Any CPU.ActiveCfg = Release|Any CPU
		{5E31BF77-556B-4079-81E7-D08CAD9F64CB}.Release|Any CPU.Build.0 = Release|Any CPU
		{8D757F9A-4E5A-4734-B560-B2AC6FD13173}.Debug|Any CPU.ActiveCfg = Debug|Any CPU
		{8D757F9A-4E5A-4734-B560-B2AC6FD13173}.Debug|Any CPU.Build.0 = Debug|Any CPU
		{8D757F9A-4E5A-4734-B560-B2AC6FD13173}.Release|Any CPU.ActiveCfg = Release|Any CPU
		{8D757F9A-4E5A-4734-B560-B2AC6FD13173}.Release|Any CPU.Build.0 = Release|Any CPU
	EndGlobalSection
	GlobalSection(SolutionProperties) = preSolution
		HideSolutionNode = FALSE
	EndGlobalSection
	GlobalSection(ExtensibilityGlobals) = postSolution
		SolutionGuid = {03F5866C-7CC9-4F56-8891-02437508EAD4}
	EndGlobalSection
EndGlobal
