
Microsoft Visual Studio Solution File, Format Version 12.00
# Visual Studio Version 17
VisualStudioVersion = 17.7.34221.43
MinimumVisualStudioVersion = 10.0.40219.1
Project("{FAE04EC0-301F-11D3-BF4B-00C04F79EFBC}") = "Hello2", "Hello2.csproj", "{3569A160-61C8-4909-A49A-617ECD34665B}"
EndProject
Global
	GlobalSection(SolutionConfigurationPlatforms) = preSolution
		Debug|Any CPU = Debug|Any CPU
		Release|Any CPU = Release|Any CPU
	EndGlobalSection
	GlobalSection(ProjectConfigurationPlatforms) = postSolution
		{3569A160-61C8-4909-A49A-617ECD34665B}.Debug|Any CPU.ActiveCfg = Debug|Any CPU
		{3569A160-61C8-4909-A49A-617ECD34665B}.Debug|Any CPU.Build.0 = Debug|Any CPU
		{3569A160-61C8-4909-A49A-617ECD34665B}.Release|Any CPU.ActiveCfg = Release|Any CPU
		{3569A160-61C8-4909-A49A-617ECD34665B}.Release|Any CPU.Build.0 = Release|Any CPU
	EndGlobalSection
	GlobalSection(SolutionProperties) = preSolution
		HideSolutionNode = FALSE
	EndGlobalSection
	GlobalSection(ExtensibilityGlobals) = postSolution
		SolutionGuid = {BD9029D0-A681-4DCB-A475-E44BF3D888C5}
	EndGlobalSection
EndGlobal
