
Microsoft Visual Studio Solution File, Format Version 12.00
# Visual Studio Version 17
VisualStudioVersion = 17.13.35931.197 d17.13
MinimumVisualStudioVersion = 10.0.40219.1
Project("{FAE04EC0-301F-11D3-BF4B-00C04F79EFBC}") = "oopproje", "oopproje\oopproje.csproj", "{A08F69DE-9ACE-4483-8386-EAFC29BB9108}"
EndProject
Global
	GlobalSection(SolutionConfigurationPlatforms) = preSolution
		Debug|Any CPU = Debug|Any CPU
		Release|Any CPU = Release|Any CPU
	EndGlobalSection
	GlobalSection(ProjectConfigurationPlatforms) = postSolution
		{A08F69DE-9ACE-4483-8386-EAFC29BB9108}.Debug|Any CPU.ActiveCfg = Debug|Any CPU
		{A08F69DE-9ACE-4483-8386-EAFC29BB9108}.Debug|Any CPU.Build.0 = Debug|Any CPU
		{A08F69DE-9ACE-4483-8386-EAFC29BB9108}.Release|Any CPU.ActiveCfg = Release|Any CPU
		{A08F69DE-9ACE-4483-8386-EAFC29BB9108}.Release|Any CPU.Build.0 = Release|Any CPU
	EndGlobalSection
	GlobalSection(SolutionProperties) = preSolution
		HideSolutionNode = FALSE
	EndGlobalSection
	GlobalSection(ExtensibilityGlobals) = postSolution
		SolutionGuid = {6EC3701A-C9B2-45D6-BE1B-FE2F5D21FE9E}
	EndGlobalSection
EndGlobal
